// !$*UTF8*$!
{
	archiveVersion = 1;
	classes = {
	};
	objectVersion = 46;
	objects = {

/* Begin PBXBuildFile section */
		4389453C1F2E47930003B868 /* main.m in Sources */ = {isa = PBXBuildFile; fileRef = 4389453B1F2E47930003B868 /* main.m */; };
		4389453F1F2E47930003B868 /* AppDelegate.m in Sources */ = {isa = PBXBuildFile; fileRef = 4389453E1F2E47930003B868 /* AppDelegate.m */; };
		438945421F2E47930003B868 /* ViewController.m in Sources */ = {isa = PBXBuildFile; fileRef = 438945411F2E47930003B868 /* ViewController.m */; };
		438945451F2E47930003B868 /* Main.storyboard in Resources */ = {isa = PBXBuildFile; fileRef = 438945431F2E47930003B868 /* Main.storyboard */; };
		438945471F2E47930003B868 /* Assets.xcassets in Resources */ = {isa = PBXBuildFile; fileRef = 438945461F2E47930003B868 /* Assets.xcassets */; };
		4389454A1F2E47930003B868 /* LaunchScreen.storyboard in Resources */ = {isa = PBXBuildFile; fileRef = 438945481F2E47930003B868 /* LaunchScreen.storyboard */; };
		438945551F2E47930003B868 /* ContactTests.m in Sources */ = {isa = PBXBuildFile; fileRef = 438945541F2E47930003B868 /* ContactTests.m */; };
		438945601F2E47930003B868 /* ContactUITests.m in Sources */ = {isa = PBXBuildFile; fileRef = 4389455F1F2E47930003B868 /* ContactUITests.m */; };
		438945A61F2E4CEC0003B868 /* MKAnnotationView+WebCache.m in Sources */ = {isa = PBXBuildFile; fileRef = 438945721F2E4CEC0003B868 /* MKAnnotationView+WebCache.m */; };
		438945A71F2E4CEC0003B868 /* NSData+ImageContentType.m in Sources */ = {isa = PBXBuildFile; fileRef = 438945741F2E4CEC0003B868 /* NSData+ImageContentType.m */; };
		438945A81F2E4CEC0003B868 /* NSImage+WebCache.m in Sources */ = {isa = PBXBuildFile; fileRef = 438945761F2E4CEC0003B868 /* NSImage+WebCache.m */; };
		438945A91F2E4CEC0003B868 /* SDImageCache.m in Sources */ = {isa = PBXBuildFile; fileRef = 438945781F2E4CEC0003B868 /* SDImageCache.m */; };
		438945AA1F2E4CEC0003B868 /* SDImageCacheConfig.m in Sources */ = {isa = PBXBuildFile; fileRef = 4389457A1F2E4CEC0003B868 /* SDImageCacheConfig.m */; };
		438945AB1F2E4CEC0003B868 /* SDWebImageCompat.m in Sources */ = {isa = PBXBuildFile; fileRef = 4389457C1F2E4CEC0003B868 /* SDWebImageCompat.m */; };
		438945AC1F2E4CEC0003B868 /* SDWebImageDecoder.m in Sources */ = {isa = PBXBuildFile; fileRef = 4389457E1F2E4CEC0003B868 /* SDWebImageDecoder.m */; };
		438945AD1F2E4CEC0003B868 /* SDWebImageDownloader.m in Sources */ = {isa = PBXBuildFile; fileRef = 438945801F2E4CEC0003B868 /* SDWebImageDownloader.m */; };
		438945AE1F2E4CEC0003B868 /* SDWebImageDownloaderOperation.m in Sources */ = {isa = PBXBuildFile; fileRef = 438945821F2E4CEC0003B868 /* SDWebImageDownloaderOperation.m */; };
		438945AF1F2E4CEC0003B868 /* SDWebImageManager.m in Sources */ = {isa = PBXBuildFile; fileRef = 438945841F2E4CEC0003B868 /* SDWebImageManager.m */; };
		438945B01F2E4CEC0003B868 /* SDWebImagePrefetcher.m in Sources */ = {isa = PBXBuildFile; fileRef = 438945871F2E4CEC0003B868 /* SDWebImagePrefetcher.m */; };
		438945B11F2E4CEC0003B868 /* UIButton+WebCache.m in Sources */ = {isa = PBXBuildFile; fileRef = 438945891F2E4CEC0003B868 /* UIButton+WebCache.m */; };
		438945B21F2E4CEC0003B868 /* UIImage+GIF.m in Sources */ = {isa = PBXBuildFile; fileRef = 4389458B1F2E4CEC0003B868 /* UIImage+GIF.m */; };
		438945B31F2E4CEC0003B868 /* UIImage+MultiFormat.m in Sources */ = {isa = PBXBuildFile; fileRef = 4389458D1F2E4CEC0003B868 /* UIImage+MultiFormat.m */; };
		438945B41F2E4CEC0003B868 /* UIImage+WebP.m in Sources */ = {isa = PBXBuildFile; fileRef = 4389458F1F2E4CEC0003B868 /* UIImage+WebP.m */; };
		438945B51F2E4CEC0003B868 /* UIImageView+HighlightedWebCache.m in Sources */ = {isa = PBXBuildFile; fileRef = 438945911F2E4CEC0003B868 /* UIImageView+HighlightedWebCache.m */; };
		438945B61F2E4CEC0003B868 /* UIImageView+WebCache.m in Sources */ = {isa = PBXBuildFile; fileRef = 438945931F2E4CEC0003B868 /* UIImageView+WebCache.m */; };
		438945B71F2E4CEC0003B868 /* UIView+WebCache.m in Sources */ = {isa = PBXBuildFile; fileRef = 438945951F2E4CEC0003B868 /* UIView+WebCache.m */; };
		438945B81F2E4CEC0003B868 /* UIView+WebCacheOperation.m in Sources */ = {isa = PBXBuildFile; fileRef = 438945971F2E4CEC0003B868 /* UIView+WebCacheOperation.m */; };
		438945B91F2E4CEC0003B868 /* AFHTTPSessionManager.m in Sources */ = {isa = PBXBuildFile; fileRef = 4389459A1F2E4CEC0003B868 /* AFHTTPSessionManager.m */; };
		438945BA1F2E4CEC0003B868 /* AFNetworkReachabilityManager.m in Sources */ = {isa = PBXBuildFile; fileRef = 4389459D1F2E4CEC0003B868 /* AFNetworkReachabilityManager.m */; };
		438945BB1F2E4CEC0003B868 /* AFSecurityPolicy.m in Sources */ = {isa = PBXBuildFile; fileRef = 4389459F1F2E4CEC0003B868 /* AFSecurityPolicy.m */; };
		438945BC1F2E4CEC0003B868 /* AFURLRequestSerialization.m in Sources */ = {isa = PBXBuildFile; fileRef = 438945A11F2E4CEC0003B868 /* AFURLRequestSerialization.m */; };
		438945BD1F2E4CEC0003B868 /* AFURLResponseSerialization.m in Sources */ = {isa = PBXBuildFile; fileRef = 438945A31F2E4CEC0003B868 /* AFURLResponseSerialization.m */; };
		438945BE1F2E4CEC0003B868 /* AFURLSessionManager.m in Sources */ = {isa = PBXBuildFile; fileRef = 438945A51F2E4CEC0003B868 /* AFURLSessionManager.m */; };
		438945C11F2E4E4D0003B868 /* HMHero.m in Sources */ = {isa = PBXBuildFile; fileRef = 438945C01F2E4E4D0003B868 /* HMHero.m */; };
		438945C41F2E53A00003B868 /* TableViewCell.m in Sources */ = {isa = PBXBuildFile; fileRef = 438945C31F2E53A00003B868 /* TableViewCell.m */; };
		438945C61F2E56160003B868 /* contacts.json in Resources */ = {isa = PBXBuildFile; fileRef = 438945C51F2E56160003B868 /* contacts.json */; };
/* End PBXBuildFile section */

/* Begin PBXContainerItemProxy section */
		438945511F2E47930003B868 /* PBXContainerItemProxy */ = {
			isa = PBXContainerItemProxy;
			containerPortal = 4389452F1F2E47930003B868 /* Project object */;
			proxyType = 1;
			remoteGlobalIDString = 438945361F2E47930003B868;
			remoteInfo = Contact;
		};
		4389455C1F2E47930003B868 /* PBXContainerItemProxy */ = {
			isa = PBXContainerItemProxy;
			containerPortal = 4389452F1F2E47930003B868 /* Project object */;
			proxyType = 1;
			remoteGlobalIDString = 438945361F2E47930003B868;
			remoteInfo = Contact;
		};
/* End PBXContainerItemProxy section */

/* Begin PBXFileReference section */
		438945371F2E47930003B868 /* Contact.app */ = {isa = PBXFileReference; explicitFileType = wrapper.application; includeInIndex = 0; path = Contact.app; sourceTree = BUILT_PRODUCTS_DIR; };
		4389453B1F2E47930003B868 /* main.m */ = {isa = PBXFileReference; lastKnownFileType = sourcecode.c.objc; path = main.m; sourceTree = "<group>"; };
		4389453D1F2E47930003B868 /* AppDelegate.h */ = {isa = PBXFileReference; lastKnownFileType = sourcecode.c.h; path = AppDelegate.h; sourceTree = "<group>"; };
		4389453E1F2E47930003B868 /* AppDelegate.m */ = {isa = PBXFileReference; lastKnownFileType = sourcecode.c.objc; path = AppDelegate.m; sourceTree = "<group>"; };
		438945401F2E47930003B868 /* ViewController.h */ = {isa = PBXFileReference; lastKnownFileType = sourcecode.c.h; path = ViewController.h; sourceTree = "<group>"; };
		438945411F2E47930003B868 /* ViewController.m */ = {isa = PBXFileReference; lastKnownFileType = sourcecode.c.objc; path = ViewController.m; sourceTree = "<group>"; };
		438945441F2E47930003B868 /* Base */ = {isa = PBXFileReference; lastKnownFileType = file.storyboard; name = Base; path = Base.lproj/Main.storyboard; sourceTree = "<group>"; };
		438945461F2E47930003B868 /* Assets.xcassets */ = {isa = PBXFileReference; lastKnownFileType = folder.assetcatalog; path = Assets.xcassets; sourceTree = "<group>"; };
		438945491F2E47930003B868 /* Base */ = {isa = PBXFileReference; lastKnownFileType = file.storyboard; name = Base; path = Base.lproj/LaunchScreen.storyboard; sourceTree = "<group>"; };
		4389454B1F2E47930003B868 /* Info.plist */ = {isa = PBXFileReference; lastKnownFileType = text.plist.xml; path = Info.plist; sourceTree = "<group>"; };
		438945501F2E47930003B868 /* ContactTests.xctest */ = {isa = PBXFileReference; explicitFileType = wrapper.cfbundle; includeInIndex = 0; path = ContactTests.xctest; sourceTree = BUILT_PRODUCTS_DIR; };
		438945541F2E47930003B868 /* ContactTests.m */ = {isa = PBXFileReference; lastKnownFileType = sourcecode.c.objc; path = ContactTests.m; sourceTree = "<group>"; };
		438945561F2E47930003B868 /* Info.plist */ = {isa = PBXFileReference; lastKnownFileType = text.plist.xml; path = Info.plist; sourceTree = "<group>"; };
		4389455B1F2E47930003B868 /* ContactUITests.xctest */ = {isa = PBXFileReference; explicitFileType = wrapper.cfbundle; includeInIndex = 0; path = ContactUITests.xctest; sourceTree = BUILT_PRODUCTS_DIR; };
		4389455F1F2E47930003B868 /* ContactUITests.m */ = {isa = PBXFileReference; lastKnownFileType = sourcecode.c.objc; path = ContactUITests.m; sourceTree = "<group>"; };
		438945611F2E47930003B868 /* Info.plist */ = {isa = PBXFileReference; lastKnownFileType = text.plist.xml; path = Info.plist; sourceTree = "<group>"; };
		438945711F2E4CEC0003B868 /* MKAnnotationView+WebCache.h */ = {isa = PBXFileReference; fileEncoding = 4; lastKnownFileType = sourcecode.c.h; path = "MKAnnotationView+WebCache.h"; sourceTree = "<group>"; };
		438945721F2E4CEC0003B868 /* MKAnnotationView+WebCache.m */ = {isa = PBXFileReference; fileEncoding = 4; lastKnownFileType = sourcecode.c.objc; path = "MKAnnotationView+WebCache.m"; sourceTree = "<group>"; };
		438945731F2E4CEC0003B868 /* NSData+ImageContentType.h */ = {isa = PBXFileReference; fileEncoding = 4; lastKnownFileType = sourcecode.c.h; path = "NSData+ImageContentType.h"; sourceTree = "<group>"; };
		438945741F2E4CEC0003B868 /* NSData+ImageContentType.m */ = {isa = PBXFileReference; fileEncoding = 4; lastKnownFileType = sourcecode.c.objc; path = "NSData+ImageContentType.m"; sourceTree = "<group>"; };
		438945751F2E4CEC0003B868 /* NSImage+WebCache.h */ = {isa = PBXFileReference; fileEncoding = 4; lastKnownFileType = sourcecode.c.h; path = "NSImage+WebCache.h"; sourceTree = "<group>"; };
		438945761F2E4CEC0003B868 /* NSImage+WebCache.m */ = {isa = PBXFileReference; fileEncoding = 4; lastKnownFileType = sourcecode.c.objc; path = "NSImage+WebCache.m"; sourceTree = "<group>"; };
		438945771F2E4CEC0003B868 /* SDImageCache.h */ = {isa = PBXFileReference; fileEncoding = 4; lastKnownFileType = sourcecode.c.h; path = SDImageCache.h; sourceTree = "<group>"; };
		438945781F2E4CEC0003B868 /* SDImageCache.m */ = {isa = PBXFileReference; fileEncoding = 4; lastKnownFileType = sourcecode.c.objc; path = SDImageCache.m; sourceTree = "<group>"; };
		438945791F2E4CEC0003B868 /* SDImageCacheConfig.h */ = {isa = PBXFileReference; fileEncoding = 4; lastKnownFileType = sourcecode.c.h; path = SDImageCacheConfig.h; sourceTree = "<group>"; };
		4389457A1F2E4CEC0003B868 /* SDImageCacheConfig.m */ = {isa = PBXFileReference; fileEncoding = 4; lastKnownFileType = sourcecode.c.objc; path = SDImageCacheConfig.m; sourceTree = "<group>"; };
		4389457B1F2E4CEC0003B868 /* SDWebImageCompat.h */ = {isa = PBXFileReference; fileEncoding = 4; lastKnownFileType = sourcecode.c.h; path = SDWebImageCompat.h; sourceTree = "<group>"; };
		4389457C1F2E4CEC0003B868 /* SDWebImageCompat.m */ = {isa = PBXFileReference; fileEncoding = 4; lastKnownFileType = sourcecode.c.objc; path = SDWebImageCompat.m; sourceTree = "<group>"; };
		4389457D1F2E4CEC0003B868 /* SDWebImageDecoder.h */ = {isa = PBXFileReference; fileEncoding = 4; lastKnownFileType = sourcecode.c.h; path = SDWebImageDecoder.h; sourceTree = "<group>"; };
		4389457E1F2E4CEC0003B868 /* SDWebImageDecoder.m */ = {isa = PBXFileReference; fileEncoding = 4; lastKnownFileType = sourcecode.c.objc; path = SDWebImageDecoder.m; sourceTree = "<group>"; };
		4389457F1F2E4CEC0003B868 /* SDWebImageDownloader.h */ = {isa = PBXFileReference; fileEncoding = 4; lastKnownFileType = sourcecode.c.h; path = SDWebImageDownloader.h; sourceTree = "<group>"; };
		438945801F2E4CEC0003B868 /* SDWebImageDownloader.m */ = {isa = PBXFileReference; fileEncoding = 4; lastKnownFileType = sourcecode.c.objc; path = SDWebImageDownloader.m; sourceTree = "<group>"; };
		438945811F2E4CEC0003B868 /* SDWebImageDownloaderOperation.h */ = {isa = PBXFileReference; fileEncoding = 4; lastKnownFileType = sourcecode.c.h; path = SDWebImageDownloaderOperation.h; sourceTree = "<group>"; };
		438945821F2E4CEC0003B868 /* SDWebImageDownloaderOperation.m */ = {isa = PBXFileReference; fileEncoding = 4; lastKnownFileType = sourcecode.c.objc; path = SDWebImageDownloaderOperation.m; sourceTree = "<group>"; };
		438945831F2E4CEC0003B868 /* SDWebImageManager.h */ = {isa = PBXFileReference; fileEncoding = 4; lastKnownFileType = sourcecode.c.h; path = SDWebImageManager.h; sourceTree = "<group>"; };
		438945841F2E4CEC0003B868 /* SDWebImageManager.m */ = {isa = PBXFileReference; fileEncoding = 4; lastKnownFileType = sourcecode.c.objc; path = SDWebImageManager.m; sourceTree = "<group>"; };
		438945851F2E4CEC0003B868 /* SDWebImageOperation.h */ = {isa = PBXFileReference; fileEncoding = 4; lastKnownFileType = sourcecode.c.h; path = SDWebImageOperation.h; sourceTree = "<group>"; };
		438945861F2E4CEC0003B868 /* SDWebImagePrefetcher.h */ = {isa = PBXFileReference; fileEncoding = 4; lastKnownFileType = sourcecode.c.h; path = SDWebImagePrefetcher.h; sourceTree = "<group>"; };
		438945871F2E4CEC0003B868 /* SDWebImagePrefetcher.m */ = {isa = PBXFileReference; fileEncoding = 4; lastKnownFileType = sourcecode.c.objc; path = SDWebImagePrefetcher.m; sourceTree = "<group>"; };
		438945881F2E4CEC0003B868 /* UIButton+WebCache.h */ = {isa = PBXFileReference; fileEncoding = 4; lastKnownFileType = sourcecode.c.h; path = "UIButton+WebCache.h"; sourceTree = "<group>"; };
		438945891F2E4CEC0003B868 /* UIButton+WebCache.m */ = {isa = PBXFileReference; fileEncoding = 4; lastKnownFileType = sourcecode.c.objc; path = "UIButton+WebCache.m"; sourceTree = "<group>"; };
		4389458A1F2E4CEC0003B868 /* UIImage+GIF.h */ = {isa = PBXFileReference; fileEncoding = 4; lastKnownFileType = sourcecode.c.h; path = "UIImage+GIF.h"; sourceTree = "<group>"; };
		4389458B1F2E4CEC0003B868 /* UIImage+GIF.m */ = {isa = PBXFileReference; fileEncoding = 4; lastKnownFileType = sourcecode.c.objc; path = "UIImage+GIF.m"; sourceTree = "<group>"; };
		4389458C1F2E4CEC0003B868 /* UIImage+MultiFormat.h */ = {isa = PBXFileReference; fileEncoding = 4; lastKnownFileType = sourcecode.c.h; path = "UIImage+MultiFormat.h"; sourceTree = "<group>"; };
		4389458D1F2E4CEC0003B868 /* UIImage+MultiFormat.m */ = {isa = PBXFileReference; fileEncoding = 4; lastKnownFileType = sourcecode.c.objc; path = "UIImage+MultiFormat.m"; sourceTree = "<group>"; };
		4389458E1F2E4CEC0003B868 /* UIImage+WebP.h */ = {isa = PBXFileReference; fileEncoding = 4; lastKnownFileType = sourcecode.c.h; path = "UIImage+WebP.h"; sourceTree = "<group>"; };
		4389458F1F2E4CEC0003B868 /* UIImage+WebP.m */ = {isa = PBXFileReference; fileEncoding = 4; lastKnownFileType = sourcecode.c.objc; path = "UIImage+WebP.m"; sourceTree = "<group>"; };
		438945901F2E4CEC0003B868 /* UIImageView+HighlightedWebCache.h */ = {isa = PBXFileReference; fileEncoding = 4; lastKnownFileType = sourcecode.c.h; path = "UIImageView+HighlightedWebCache.h"; sourceTree = "<group>"; };
		438945911F2E4CEC0003B868 /* UIImageView+HighlightedWebCache.m */ = {isa = PBXFileReference; fileEncoding = 4; lastKnownFileType = sourcecode.c.objc; path = "UIImageView+HighlightedWebCache.m"; sourceTree = "<group>"; };
		438945921F2E4CEC0003B868 /* UIImageView+WebCache.h */ = {isa = PBXFileReference; fileEncoding = 4; lastKnownFileType = sourcecode.c.h; path = "UIImageView+WebCache.h"; sourceTree = "<group>"; };
		438945931F2E4CEC0003B868 /* UIImageView+WebCache.m */ = {isa = PBXFileReference; fileEncoding = 4; lastKnownFileType = sourcecode.c.objc; path = "UIImageView+WebCache.m"; sourceTree = "<group>"; };
		438945941F2E4CEC0003B868 /* UIView+WebCache.h */ = {isa = PBXFileReference; fileEncoding = 4; lastKnownFileType = sourcecode.c.h; path = "UIView+WebCache.h"; sourceTree = "<group>"; };
		438945951F2E4CEC0003B868 /* UIView+WebCache.m */ = {isa = PBXFileReference; fileEncoding = 4; lastKnownFileType = sourcecode.c.objc; path = "UIView+WebCache.m"; sourceTree = "<group>"; };
		438945961F2E4CEC0003B868 /* UIView+WebCacheOperation.h */ = {isa = PBXFileReference; fileEncoding = 4; lastKnownFileType = sourcecode.c.h; path = "UIView+WebCacheOperation.h"; sourceTree = "<group>"; };
		438945971F2E4CEC0003B868 /* UIView+WebCacheOperation.m */ = {isa = PBXFileReference; fileEncoding = 4; lastKnownFileType = sourcecode.c.objc; path = "UIView+WebCacheOperation.m"; sourceTree = "<group>"; };
		438945991F2E4CEC0003B868 /* AFHTTPSessionManager.h */ = {isa = PBXFileReference; fileEncoding = 4; lastKnownFileType = sourcecode.c.h; path = AFHTTPSessionManager.h; sourceTree = "<group>"; };
		4389459A1F2E4CEC0003B868 /* AFHTTPSessionManager.m */ = {isa = PBXFileReference; fileEncoding = 4; lastKnownFileType = sourcecode.c.objc; path = AFHTTPSessionManager.m; sourceTree = "<group>"; };
		4389459B1F2E4CEC0003B868 /* AFNetworking.h */ = {isa = PBXFileReference; fileEncoding = 4; lastKnownFileType = sourcecode.c.h; path = AFNetworking.h; sourceTree = "<group>"; };
		4389459C1F2E4CEC0003B868 /* AFNetworkReachabilityManager.h */ = {isa = PBXFileReference; fileEncoding = 4; lastKnownFileType = sourcecode.c.h; path = AFNetworkReachabilityManager.h; sourceTree = "<group>"; };
		4389459D1F2E4CEC0003B868 /* AFNetworkReachabilityManager.m */ = {isa = PBXFileReference; fileEncoding = 4; lastKnownFileType = sourcecode.c.objc; path = AFNetworkReachabilityManager.m; sourceTree = "<group>"; };
		4389459E1F2E4CEC0003B868 /* AFSecurityPolicy.h */ = {isa = PBXFileReference; fileEncoding = 4; lastKnownFileType = sourcecode.c.h; path = AFSecurityPolicy.h; sourceTree = "<group>"; };
		4389459F1F2E4CEC0003B868 /* AFSecurityPolicy.m */ = {isa = PBXFileReference; fileEncoding = 4; lastKnownFileType = sourcecode.c.objc; path = AFSecurityPolicy.m; sourceTree = "<group>"; };
		438945A01F2E4CEC0003B868 /* AFURLRequestSerialization.h */ = {isa = PBXFileReference; fileEncoding = 4; lastKnownFileType = sourcecode.c.h; path = AFURLRequestSerialization.h; sourceTree = "<group>"; };
		438945A11F2E4CEC0003B868 /* AFURLRequestSerialization.m */ = {isa = PBXFileReference; fileEncoding = 4; lastKnownFileType = sourcecode.c.objc; path = AFURLRequestSerialization.m; sourceTree = "<group>"; };
		438945A21F2E4CEC0003B868 /* AFURLResponseSerialization.h */ = {isa = PBXFileReference; fileEncoding = 4; lastKnownFileType = sourcecode.c.h; path = AFURLResponseSerialization.h; sourceTree = "<group>"; };
		438945A31F2E4CEC0003B868 /* AFURLResponseSerialization.m */ = {isa = PBXFileReference; fileEncoding = 4; lastKnownFileType = sourcecode.c.objc; path = AFURLResponseSerialization.m; sourceTree = "<group>"; };
		438945A41F2E4CEC0003B868 /* AFURLSessionManager.h */ = {isa = PBXFileReference; fileEncoding = 4; lastKnownFileType = sourcecode.c.h; path = AFURLSessionManager.h; sourceTree = "<group>"; };
		438945A51F2E4CEC0003B868 /* AFURLSessionManager.m */ = {isa = PBXFileReference; fileEncoding = 4; lastKnownFileType = sourcecode.c.objc; path = AFURLSessionManager.m; sourceTree = "<group>"; };
		438945BF1F2E4E4D0003B868 /* HMHero.h */ = {isa = PBXFileReference; fileEncoding = 4; lastKnownFileType = sourcecode.c.h; path = HMHero.h; sourceTree = "<group>"; };
		438945C01F2E4E4D0003B868 /* HMHero.m */ = {isa = PBXFileReference; fileEncoding = 4; lastKnownFileType = sourcecode.c.objc; path = HMHero.m; sourceTree = "<group>"; };
		438945C21F2E53A00003B868 /* TableViewCell.h */ = {isa = PBXFileReference; fileEncoding = 4; lastKnownFileType = sourcecode.c.h; path = TableViewCell.h; sourceTree = "<group>"; };
		438945C31F2E53A00003B868 /* TableViewCell.m */ = {isa = PBXFileReference; fileEncoding = 4; lastKnownFileType = sourcecode.c.objc; path = TableViewCell.m; sourceTree = "<group>"; };
		438945C51F2E56160003B868 /* contacts.json */ = {isa = PBXFileReference; fileEncoding = 4; lastKnownFileType = text.json; path = contacts.json; sourceTree = "<group>"; };
/* End PBXFileReference section */

/* Begin PBXFrameworksBuildPhase section */
		438945341F2E47930003B868 /* Frameworks */ = {
			isa = PBXFrameworksBuildPhase;
			buildActionMask = 2147483647;
			files = (
			);
			runOnlyForDeploymentPostprocessing = 0;
		};
		4389454D1F2E47930003B868 /* Frameworks */ = {
			isa = PBXFrameworksBuildPhase;
			buildActionMask = 2147483647;
			files = (
			);
			runOnlyForDeploymentPostprocessing = 0;
		};
		438945581F2E47930003B868 /* Frameworks */ = {
			isa = PBXFrameworksBuildPhase;
			buildActionMask = 2147483647;
			files = (
			);
			runOnlyForDeploymentPostprocessing = 0;
		};
/* End PBXFrameworksBuildPhase section */

/* Begin PBXGroup section */
		4389452E1F2E47930003B868 = {
			isa = PBXGroup;
			children = (
				438945391F2E47930003B868 /* Contact */,
				438945531F2E47930003B868 /* ContactTests */,
				4389455E1F2E47930003B868 /* ContactUITests */,
				438945381F2E47930003B868 /* Products */,
			);
			sourceTree = "<group>";
		};
		438945381F2E47930003B868 /* Products */ = {
			isa = PBXGroup;
			children = (
				438945371F2E47930003B868 /* Contact.app */,
				438945501F2E47930003B868 /* ContactTests.xctest */,
				4389455B1F2E47930003B868 /* ContactUITests.xctest */,
			);
			name = Products;
			sourceTree = "<group>";
		};
		438945391F2E47930003B868 /* Contact */ = {
			isa = PBXGroup;
			children = (
				438945701F2E4CEC0003B868 /* SDWebImage */,
				438945981F2E4CEC0003B868 /* AFNetworking */,
				4389453D1F2E47930003B868 /* AppDelegate.h */,
				4389453E1F2E47930003B868 /* AppDelegate.m */,
				438945401F2E47930003B868 /* ViewController.h */,
				438945411F2E47930003B868 /* ViewController.m */,
				438945C21F2E53A00003B868 /* TableViewCell.h */,
				438945C31F2E53A00003B868 /* TableViewCell.m */,
				438945BF1F2E4E4D0003B868 /* HMHero.h */,
				438945C01F2E4E4D0003B868 /* HMHero.m */,
				438945431F2E47930003B868 /* Main.storyboard */,
				438945C51F2E56160003B868 /* contacts.json */,
				438945461F2E47930003B868 /* Assets.xcassets */,
				438945481F2E47930003B868 /* LaunchScreen.storyboard */,
				4389454B1F2E47930003B868 /* Info.plist */,
				4389453A1F2E47930003B868 /* Supporting Files */,
			);
			path = Contact;
			sourceTree = "<group>";
		};
		4389453A1F2E47930003B868 /* Supporting Files */ = {
			isa = PBXGroup;
			children = (
				4389453B1F2E47930003B868 /* main.m */,
			);
			name = "Supporting Files";
			sourceTree = "<group>";
		};
		438945531F2E47930003B868 /* ContactTests */ = {
			isa = PBXGroup;
			children = (
				438945541F2E47930003B868 /* ContactTests.m */,
				438945561F2E47930003B868 /* Info.plist */,
			);
			path = ContactTests;
			sourceTree = "<group>";
		};
		4389455E1F2E47930003B868 /* ContactUITests */ = {
			isa = PBXGroup;
			children = (
				4389455F1F2E47930003B868 /* ContactUITests.m */,
				438945611F2E47930003B868 /* Info.plist */,
			);
			path = ContactUITests;
			sourceTree = "<group>";
		};
		438945701F2E4CEC0003B868 /* SDWebImage */ = {
			isa = PBXGroup;
			children = (
				438945711F2E4CEC0003B868 /* MKAnnotationView+WebCache.h */,
				438945721F2E4CEC0003B868 /* MKAnnotationView+WebCache.m */,
				438945731F2E4CEC0003B868 /* NSData+ImageContentType.h */,
				438945741F2E4CEC0003B868 /* NSData+ImageContentType.m */,
				438945751F2E4CEC0003B868 /* NSImage+WebCache.h */,
				438945761F2E4CEC0003B868 /* NSImage+WebCache.m */,
				438945771F2E4CEC0003B868 /* SDImageCache.h */,
				438945781F2E4CEC0003B868 /* SDImageCache.m */,
				438945791F2E4CEC0003B868 /* SDImageCacheConfig.h */,
				4389457A1F2E4CEC0003B868 /* SDImageCacheConfig.m */,
				4389457B1F2E4CEC0003B868 /* SDWebImageCompat.h */,
				4389457C1F2E4CEC0003B868 /* SDWebImageCompat.m */,
				4389457D1F2E4CEC0003B868 /* SDWebImageDecoder.h */,
				4389457E1F2E4CEC0003B868 /* SDWebImageDecoder.m */,
				4389457F1F2E4CEC0003B868 /* SDWebImageDownloader.h */,
				438945801F2E4CEC0003B868 /* SDWebImageDownloader.m */,
				438945811F2E4CEC0003B868 /* SDWebImageDownloaderOperation.h */,
				438945821F2E4CEC0003B868 /* SDWebImageDownloaderOperation.m */,
				438945831F2E4CEC0003B868 /* SDWebImageManager.h */,
				438945841F2E4CEC0003B868 /* SDWebImageManager.m */,
				438945851F2E4CEC0003B868 /* SDWebImageOperation.h */,
				438945861F2E4CEC0003B868 /* SDWebImagePrefetcher.h */,
				438945871F2E4CEC0003B868 /* SDWebImagePrefetcher.m */,
				438945881F2E4CEC0003B868 /* UIButton+WebCache.h */,
				438945891F2E4CEC0003B868 /* UIButton+WebCache.m */,
				4389458A1F2E4CEC0003B868 /* UIImage+GIF.h */,
				4389458B1F2E4CEC0003B868 /* UIImage+GIF.m */,
				4389458C1F2E4CEC0003B868 /* UIImage+MultiFormat.h */,
				4389458D1F2E4CEC0003B868 /* UIImage+MultiFormat.m */,
				4389458E1F2E4CEC0003B868 /* UIImage+WebP.h */,
				4389458F1F2E4CEC0003B868 /* UIImage+WebP.m */,
				438945901F2E4CEC0003B868 /* UIImageView+HighlightedWebCache.h */,
				438945911F2E4CEC0003B868 /* UIImageView+HighlightedWebCache.m */,
				438945921F2E4CEC0003B868 /* UIImageView+WebCache.h */,
				438945931F2E4CEC0003B868 /* UIImageView+WebCache.m */,
				438945941F2E4CEC0003B868 /* UIView+WebCache.h */,
				438945951F2E4CEC0003B868 /* UIView+WebCache.m */,
				438945961F2E4CEC0003B868 /* UIView+WebCacheOperation.h */,
				438945971F2E4CEC0003B868 /* UIView+WebCacheOperation.m */,
			);
			path = SDWebImage;
			sourceTree = "<group>";
		};
		438945981F2E4CEC0003B868 /* AFNetworking */ = {
			isa = PBXGroup;
			children = (
				438945991F2E4CEC0003B868 /* AFHTTPSessionManager.h */,
				4389459A1F2E4CEC0003B868 /* AFHTTPSessionManager.m */,
				4389459B1F2E4CEC0003B868 /* AFNetworking.h */,
				4389459C1F2E4CEC0003B868 /* AFNetworkReachabilityManager.h */,
				4389459D1F2E4CEC0003B868 /* AFNetworkReachabilityManager.m */,
				4389459E1F2E4CEC0003B868 /* AFSecurityPolicy.h */,
				4389459F1F2E4CEC0003B868 /* AFSecurityPolicy.m */,
				438945A01F2E4CEC0003B868 /* AFURLRequestSerialization.h */,
				438945A11F2E4CEC0003B868 /* AFURLRequestSerialization.m */,
				438945A21F2E4CEC0003B868 /* AFURLResponseSerialization.h */,
				438945A31F2E4CEC0003B868 /* AFURLResponseSerialization.m */,
				438945A41F2E4CEC0003B868 /* AFURLSessionManager.h */,
				438945A51F2E4CEC0003B868 /* AFURLSessionManager.m */,
			);
			path = AFNetworking;
			sourceTree = "<group>";
		};
/* End PBXGroup section */

/* Begin PBXNativeTarget section */
		438945361F2E47930003B868 /* Contact */ = {
			isa = PBXNativeTarget;
			buildConfigurationList = 438945641F2E47930003B868 /* Build configuration list for PBXNativeTarget "Contact" */;
			buildPhases = (
				438945331F2E47930003B868 /* Sources */,
				438945341F2E47930003B868 /* Frameworks */,
				438945351F2E47930003B868 /* Resources */,
			);
			buildRules = (
			);
			dependencies = (
			);
			name = Contact;
			productName = Contact;
			productReference = 438945371F2E47930003B868 /* Contact.app */;
			productType = "com.apple.product-type.application";
		};
		4389454F1F2E47930003B868 /* ContactTests */ = {
			isa = PBXNativeTarget;
			buildConfigurationList = 438945671F2E47930003B868 /* Build configuration list for PBXNativeTarget "ContactTests" */;
			buildPhases = (
				4389454C1F2E47930003B868 /* Sources */,
				4389454D1F2E47930003B868 /* Frameworks */,
				4389454E1F2E47930003B868 /* Resources */,
			);
			buildRules = (
			);
			dependencies = (
				438945521F2E47930003B868 /* PBXTargetDependency */,
			);
			name = ContactTests;
			productName = ContactTests;
			productReference = 438945501F2E47930003B868 /* ContactTests.xctest */;
			productType = "com.apple.product-type.bundle.unit-test";
		};
		4389455A1F2E47930003B868 /* ContactUITests */ = {
			isa = PBXNativeTarget;
			buildConfigurationList = 4389456A1F2E47930003B868 /* Build configuration list for PBXNativeTarget "ContactUITests" */;
			buildPhases = (
				438945571F2E47930003B868 /* Sources */,
				438945581F2E47930003B868 /* Frameworks */,
				438945591F2E47930003B868 /* Resources */,
			);
			buildRules = (
			);
			dependencies = (
				4389455D1F2E47930003B868 /* PBXTargetDependency */,
			);
			name = ContactUITests;
			productName = ContactUITests;
			productReference = 4389455B1F2E47930003B868 /* ContactUITests.xctest */;
			productType = "com.apple.product-type.bundle.ui-testing";
		};
/* End PBXNativeTarget section */

/* Begin PBXProject section */
		4389452F1F2E47930003B868 /* Project object */ = {
			isa = PBXProject;
			attributes = {
				LastUpgradeCheck = 0830;
				ORGANIZATIONNAME = "JZG-users";
				TargetAttributes = {
					438945361F2E47930003B868 = {
						CreatedOnToolsVersion = 8.3.3;
						ProvisioningStyle = Automatic;
					};
					4389454F1F2E47930003B868 = {
						CreatedOnToolsVersion = 8.3.3;
						ProvisioningStyle = Automatic;
						TestTargetID = 438945361F2E47930003B868;
					};
					4389455A1F2E47930003B868 = {
						CreatedOnToolsVersion = 8.3.3;
						ProvisioningStyle = Automatic;
						TestTargetID = 438945361F2E47930003B868;
					};
				};
			};
			buildConfigurationList = 438945321F2E47930003B868 /* Build configuration list for PBXProject "Contact" */;
			compatibilityVersion = "Xcode 3.2";
			developmentRegion = English;
			hasScannedForEncodings = 0;
			knownRegions = (
				en,
				Base,
			);
			mainGroup = 4389452E1F2E47930003B868;
			productRefGroup = 438945381F2E47930003B868 /* Products */;
			projectDirPath = "";
			projectRoot = "";
			targets = (
				438945361F2E47930003B868 /* Contact */,
				4389454F1F2E47930003B868 /* ContactTests */,
				4389455A1F2E47930003B868 /* ContactUITests */,
			);
		};
/* End PBXProject section */

/* Begin PBXResourcesBuildPhase section */
		438945351F2E47930003B868 /* Resources */ = {
			isa = PBXResourcesBuildPhase;
			buildActionMask = 2147483647;
			files = (
				438945C61F2E56160003B868 /* contacts.json in Resources */,
				4389454A1F2E47930003B868 /* LaunchScreen.storyboard in Resources */,
				438945471F2E47930003B868 /* Assets.xcassets in Resources */,
				438945451F2E47930003B868 /* Main.storyboard in Resources */,
			);
			runOnlyForDeploymentPostprocessing = 0;
		};
		4389454E1F2E47930003B868 /* Resources */ = {
			isa = PBXResourcesBuildPhase;
			buildActionMask = 2147483647;
			files = (
			);
			runOnlyForDeploymentPostprocessing = 0;
		};
		438945591F2E47930003B868 /* Resources */ = {
			isa = PBXResourcesBuildPhase;
			buildActionMask = 2147483647;
			files = (
			);
			runOnlyForDeploymentPostprocessing = 0;
		};
/* End PBXResourcesBuildPhase section */

/* Begin PBXSourcesBuildPhase section */
		438945331F2E47930003B868 /* Sources */ = {
			isa = PBXSourcesBuildPhase;
			buildActionMask = 2147483647;
			files = (
				438945A71F2E4CEC0003B868 /* NSData+ImageContentType.m in Sources */,
				438945B51F2E4CEC0003B868 /* UIImageView+HighlightedWebCache.m in Sources */,
				438945B71F2E4CEC0003B868 /* UIView+WebCache.m in Sources */,
				438945B61F2E4CEC0003B868 /* UIImageView+WebCache.m in Sources */,
				438945B81F2E4CEC0003B868 /* UIView+WebCacheOperation.m in Sources */,
				438945B41F2E4CEC0003B868 /* UIImage+WebP.m in Sources */,
				438945BB1F2E4CEC0003B868 /* AFSecurityPolicy.m in Sources */,
				438945B01F2E4CEC0003B868 /* SDWebImagePrefetcher.m in Sources */,
				438945421F2E47930003B868 /* ViewController.m in Sources */,
				438945AC1F2E4CEC0003B868 /* SDWebImageDecoder.m in Sources */,
				438945AD1F2E4CEC0003B868 /* SDWebImageDownloader.m in Sources */,
				438945A81F2E4CEC0003B868 /* NSImage+WebCache.m in Sources */,
				438945AF1F2E4CEC0003B868 /* SDWebImageManager.m in Sources */,
				438945C41F2E53A00003B868 /* TableViewCell.m in Sources */,
				438945B11F2E4CEC0003B868 /* UIButton+WebCache.m in Sources */,
				438945B91F2E4CEC0003B868 /* AFHTTPSessionManager.m in Sources */,
				438945B31F2E4CEC0003B868 /* UIImage+MultiFormat.m in Sources */,
				438945AA1F2E4CEC0003B868 /* SDImageCacheConfig.m in Sources */,
				438945BE1F2E4CEC0003B868 /* AFURLSessionManager.m in Sources */,
				438945AE1F2E4CEC0003B868 /* SDWebImageDownloaderOperation.m in Sources */,
				438945B21F2E4CEC0003B868 /* UIImage+GIF.m in Sources */,
				438945BD1F2E4CEC0003B868 /* AFURLResponseSerialization.m in Sources */,
				438945BC1F2E4CEC0003B868 /* AFURLRequestSerialization.m in Sources */,
				438945AB1F2E4CEC0003B868 /* SDWebImageCompat.m in Sources */,
				438945A61F2E4CEC0003B868 /* MKAnnotationView+WebCache.m in Sources */,
				4389453F1F2E47930003B868 /* AppDelegate.m in Sources */,
				438945C11F2E4E4D0003B868 /* HMHero.m in Sources */,
				4389453C1F2E47930003B868 /* main.m in Sources */,
				438945BA1F2E4CEC0003B868 /* AFNetworkReachabilityManager.m in Sources */,
				438945A91F2E4CEC0003B868 /* SDImageCache.m in Sources */,
			);
			runOnlyForDeploymentPostprocessing = 0;
		};
		4389454C1F2E47930003B868 /* Sources */ = {
			isa = PBXSourcesBuildPhase;
			buildActionMask = 2147483647;
			files = (
				438945551F2E47930003B868 /* ContactTests.m in Sources */,
			);
			runOnlyForDeploymentPostprocessing = 0;
		};
		438945571F2E47930003B868 /* Sources */ = {
			isa = PBXSourcesBuildPhase;
			buildActionMask = 2147483647;
			files = (
				438945601F2E47930003B868 /* ContactUITests.m in Sources */,
			);
			runOnlyForDeploymentPostprocessing = 0;
		};
/* End PBXSourcesBuildPhase section */

/* Begin PBXTargetDependency section */
		438945521F2E47930003B868 /* PBXTargetDependency */ = {
			isa = PBXTargetDependency;
			target = 438945361F2E47930003B868 /* Contact */;
			targetProxy = 438945511F2E47930003B868 /* PBXContainerItemProxy */;
		};
		4389455D1F2E47930003B868 /* PBXTargetDependency */ = {
			isa = PBXTargetDependency;
			target = 438945361F2E47930003B868 /* Contact */;
			targetProxy = 4389455C1F2E47930003B868 /* PBXContainerItemProxy */;
		};
/* End PBXTargetDependency section */

/* Begin PBXVariantGroup section */
		438945431F2E47930003B868 /* Main.storyboard */ = {
			isa = PBXVariantGroup;
			children = (
				438945441F2E47930003B868 /* Base */,
			);
			name = Main.storyboard;
			sourceTree = "<group>";
		};
		438945481F2E47930003B868 /* LaunchScreen.storyboard */ = {
			isa = PBXVariantGroup;
			children = (
				438945491F2E47930003B868 /* Base */,
			);
			name = LaunchScreen.storyboard;
			sourceTree = "<group>";
		};
/* End PBXVariantGroup section */

/* Begin XCBuildConfiguration section */
		438945621F2E47930003B868 /* Debug */ = {
			isa = XCBuildConfiguration;
			buildSettings = {
				ALWAYS_SEARCH_USER_PATHS = NO;
				CLANG_ANALYZER_NONNULL = YES;
				CLANG_ANALYZER_NUMBER_OBJECT_CONVERSION = YES_AGGRESSIVE;
				CLANG_CXX_LANGUAGE_STANDARD = "gnu++0x";
				CLANG_CXX_LIBRARY = "libc++";
				CLANG_ENABLE_MODULES = YES;
				CLANG_ENABLE_OBJC_ARC = YES;
				CLANG_WARN_BOOL_CONVERSION = YES;
				CLANG_WARN_CONSTANT_CONVERSION = YES;
				CLANG_WARN_DIRECT_OBJC_ISA_USAGE = YES_ERROR;
				CLANG_WARN_DOCUMENTATION_COMMENTS = YES;
				CLANG_WARN_EMPTY_BODY = YES;
				CLANG_WARN_ENUM_CONVERSION = YES;
				CLANG_WARN_INFINITE_RECURSION = YES;
				CLANG_WARN_INT_CONVERSION = YES;
				CLANG_WARN_OBJC_ROOT_CLASS = YES_ERROR;
				CLANG_WARN_SUSPICIOUS_MOVE = YES;
				CLANG_WARN_UNREACHABLE_CODE = YES;
				CLANG_WARN__DUPLICATE_METHOD_MATCH = YES;
				"CODE_SIGN_IDENTITY[sdk=iphoneos*]" = "iPhone Developer";
				COPY_PHASE_STRIP = NO;
				DEBUG_INFORMATION_FORMAT = dwarf;
				ENABLE_STRICT_OBJC_MSGSEND = YES;
				ENABLE_TESTABILITY = YES;
				GCC_C_LANGUAGE_STANDARD = gnu99;
				GCC_DYNAMIC_NO_PIC = NO;
				GCC_NO_COMMON_BLOCKS = YES;
				GCC_OPTIMIZATION_LEVEL = 0;
				GCC_PREPROCESSOR_DEFINITIONS = (
					"DEBUG=1",
					"$(inherited)",
				);
				GCC_WARN_64_TO_32_BIT_CONVERSION = YES;
				GCC_WARN_ABOUT_RETURN_TYPE = YES_ERROR;
				GCC_WARN_UNDECLARED_SELECTOR = YES;
				GCC_WARN_UNINITIALIZED_AUTOS = YES_AGGRESSIVE;
				GCC_WARN_UNUSED_FUNCTION = YES;
				GCC_WARN_UNUSED_VARIABLE = YES;
				IPHONEOS_DEPLOYMENT_TARGET = 10.3;
				MTL_ENABLE_DEBUG_INFO = YES;
				ONLY_ACTIVE_ARCH = YES;
				SDKROOT = iphoneos;
				TARGETED_DEVICE_FAMILY = "1,2";
			};
			name = Debug;
		};
		438945631F2E47930003B868 /* Release */ = {
			isa = XCBuildConfiguration;
			buildSettings = {
				ALWAYS_SEARCH_USER_PATHS = NO;
				CLANG_ANALYZER_NONNULL = YES;
				CLANG_ANALYZER_NUMBER_OBJECT_CONVERSION = YES_AGGRESSIVE;
				CLANG_CXX_LANGUAGE_STANDARD = "gnu++0x";
				CLANG_CXX_LIBRARY = "libc++";
				CLANG_ENABLE_MODULES = YES;
				CLANG_ENABLE_OBJC_ARC = YES;
				CLANG_WARN_BOOL_CONVERSION = YES;
				CLANG_WARN_CONSTANT_CONVERSION = YES;
				CLANG_WARN_DIRECT_OBJC_ISA_USAGE = YES_ERROR;
				CLANG_WARN_DOCUMENTATION_COMMENTS = YES;
				CLANG_WARN_EMPTY_BODY = YES;
				CLANG_WARN_ENUM_CONVERSION = YES;
				CLANG_WARN_INFINITE_RECURSION = YES;
				CLANG_WARN_INT_CONVERSION = YES;
				CLANG_WARN_OBJC_ROOT_CLASS = YES_ERROR;
				CLANG_WARN_SUSPICIOUS_MOVE = YES;
				CLANG_WARN_UNREACHABLE_CODE = YES;
				CLANG_WARN__DUPLICATE_METHOD_MATCH = YES;
				"CODE_SIGN_IDENTITY[sdk=iphoneos*]" = "iPhone Developer";
				COPY_PHASE_STRIP = NO;
				DEBUG_INFORMATION_FORMAT = "dwarf-with-dsym";
				ENABLE_NS_ASSERTIONS = NO;
				ENABLE_STRICT_OBJC_MSGSEND = YES;
				GCC_C_LANGUAGE_STANDARD = gnu99;
				GCC_NO_COMMON_BLOCKS = YES;
				GCC_WARN_64_TO_32_BIT_CONVERSION = YES;
				GCC_WARN_ABOUT_RETURN_TYPE = YES_ERROR;
				GCC_WARN_UNDECLARED_SELECTOR = YES;
				GCC_WARN_UNINITIALIZED_AUTOS = YES_AGGRESSIVE;
				GCC_WARN_UNUSED_FUNCTION = YES;
				GCC_WARN_UNUSED_VARIABLE = YES;
				IPHONEOS_DEPLOYMENT_TARGET = 10.3;
				MTL_ENABLE_DEBUG_INFO = NO;
				SDKROOT = iphoneos;
				TARGETED_DEVICE_FAMILY = "1,2";
				VALIDATE_PRODUCT = YES;
			};
			name = Release;
		};
		438945651F2E47930003B868 /* Debug */ = {
			isa = XCBuildConfiguration;
			buildSettings = {
				ASSETCATALOG_COMPILER_APPICON_NAME = AppIcon;
				INFOPLIST_FILE = Contact/Info.plist;
				LD_RUNPATH_SEARCH_PATHS = "$(inherited) @executable_path/Frameworks";
				PRODUCT_BUNDLE_IDENTIFIER = com.jizhengguo.ios.Contact;
				PRODUCT_NAME = "$(TARGET_NAME)";
			};
			name = Debug;
		};
		438945661F2E47930003B868 /* Release */ = {
			isa = XCBuildConfiguration;
			buildSettings = {
				ASSETCATALOG_COMPILER_APPICON_NAME = AppIcon;
				INFOPLIST_FILE = Contact/Info.plist;
				LD_RUNPATH_SEARCH_PATHS = "$(inherited) @executable_path/Frameworks";
				PRODUCT_BUNDLE_IDENTIFIER = com.jizhengguo.ios.Contact;
				PRODUCT_NAME = "$(TARGET_NAME)";
			};
			name = Release;
		};
		438945681F2E47930003B868 /* Debug */ = {
			isa = XCBuildConfiguration;
			buildSettings = {
				BUNDLE_LOADER = "$(TEST_HOST)";
				INFOPLIST_FILE = ContactTests/Info.plist;
				LD_RUNPATH_SEARCH_PATHS = "$(inherited) @executable_path/Frameworks @loader_path/Frameworks";
				PRODUCT_BUNDLE_IDENTIFIER = com.jizhengguo.ios.ContactTests;
				PRODUCT_NAME = "$(TARGET_NAME)";
				TEST_HOST = "$(BUILT_PRODUCTS_DIR)/Contact.app/Contact";
			};
			name = Debug;
		};
		438945691F2E47930003B868 /* Release */ = {
			isa = XCBuildConfiguration;
			buildSettings = {
				BUNDLE_LOADER = "$(TEST_HOST)";
				INFOPLIST_FILE = ContactTests/Info.plist;
				LD_RUNPATH_SEARCH_PATHS = "$(inherited) @executable_path/Frameworks @loader_path/Frameworks";
				PRODUCT_BUNDLE_IDENTIFIER = com.jizhengguo.ios.ContactTests;
				PRODUCT_NAME = "$(TARGET_NAME)";
				TEST_HOST = "$(BUILT_PRODUCTS_DIR)/Contact.app/Contact";
			};
			name = Release;
		};
		4389456B1F2E47930003B868 /* Debug */ = {
			isa = XCBuildConfiguration;
			buildSettings = {
				INFOPLIST_FILE = ContactUITests/Info.plist;
				LD_RUNPATH_SEARCH_PATHS = "$(inherited) @executable_path/Frameworks @loader_path/Frameworks";
				PRODUCT_BUNDLE_IDENTIFIER = com.jizhengguo.ios.ContactUITests;
				PRODUCT_NAME = "$(TARGET_NAME)";
				TEST_TARGET_NAME = Contact;
			};
			name = Debug;
		};
		4389456C1F2E47930003B868 /* Release */ = {
			isa = XCBuildConfiguration;
			buildSettings = {
				INFOPLIST_FILE = ContactUITests/Info.plist;
				LD_RUNPATH_SEARCH_PATHS = "$(inherited) @executable_path/Frameworks @loader_path/Frameworks";
				PRODUCT_BUNDLE_IDENTIFIER = com.jizhengguo.ios.ContactUITests;
				PRODUCT_NAME = "$(TARGET_NAME)";
				TEST_TARGET_NAME = Contact;
			};
			name = Release;
		};
/* End XCBuildConfiguration section */

/* Begin XCConfigurationList section */
		438945321F2E47930003B868 /* Build configuration list for PBXProject "Contact" */ = {
			isa = XCConfigurationList;
			buildConfigurations = (
				438945621F2E47930003B868 /* Debug */,
				438945631F2E47930003B868 /* Release */,
			);
			defaultConfigurationIsVisible = 0;
			defaultConfigurationName = Release;
		};
		438945641F2E47930003B868 /* Build configuration list for PBXNativeTarget "Contact" */ = {
			isa = XCConfigurationList;
			buildConfigurations = (
				438945651F2E47930003B868 /* Debug */,
				438945661F2E47930003B868 /* Release */,
			);
			defaultConfigurationIsVisible = 0;
		};
		438945671F2E47930003B868 /* Build configuration list for PBXNativeTarget "ContactTests" */ = {
			isa = XCConfigurationList;
			buildConfigurations = (
				438945681F2E47930003B868 /* Debug */,
				438945691F2E47930003B868 /* Release */,
			);
			defaultConfigurationIsVisible = 0;
		};
		4389456A1F2E47930003B868 /* Build configuration list for PBXNativeTarget "ContactUITests" */ = {
			isa = XCConfigurationList;
			buildConfigurations = (
				4389456B1F2E47930003B868 /* Debug */,
				4389456C1F2E47930003B868 /* Release */,
			);
			defaultConfigurationIsVisible = 0;
		};
/* End XCConfigurationList section */
	};
	rootObject = 4389452F1F2E47930003B868 /* Project object */;
}
